
Microsoft Visual Studio Solution File, Format Version 12.00
# Visual Studio 15
VisualStudioVersion = 15.0.28010.2050
MinimumVisualStudioVersion = 10.0.40219.1
Project("{FAE04EC0-301F-11D3-BF4B-00C04F79EFBC}") = "SslClient", "SslClient\SslClient.csproj", "{96BE4AA9-E25A-429F-A593-224444C32BCB}"
EndProject
Global
	GlobalSection(SolutionConfigurationPlatforms) = preSolution
		Debug|Any CPU = Debug|Any CPU
		Release|Any CPU = Release|Any CPU
	EndGlobalSection
	GlobalSection(ProjectConfigurationPlatforms) = postSolution
		{96BE4AA9-E25A-429F-A593-224444C32BCB}.Debug|Any CPU.ActiveCfg = Debug|Any CPU
		{96BE4AA9-E25A-429F-A593-224444C32BCB}.Debug|Any CPU.Build.0 = Debug|Any CPU
		{96BE4AA9-E25A-429F-A593-224444C32BCB}.Release|Any CPU.ActiveCfg = Release|Any CPU
		{96BE4AA9-E25A-429F-A593-224444C32BCB}.Release|Any CPU.Build.0 = Release|Any CPU
	EndGlobalSection
	GlobalSection(SolutionProperties) = preSolution
		HideSolutionNode = FALSE
	EndGlobalSection
	GlobalSection(ExtensibilityGlobals) = postSolution
		SolutionGuid = {951EAED9-E071-4A8D-B259-0383A98D6B34}
	EndGlobalSection
EndGlobal
