
Microsoft Visual Studio Solution File, Format Version 12.00
# Visual Studio 15
VisualStudioVersion = 15.0.28010.2050
MinimumVisualStudioVersion = 10.0.40219.1
Project("{FAE04EC0-301F-11D3-BF4B-00C04F79EFBC}") = "SealedClassOverrding", "SealedClassOverrding\SealedClassOverrding.csproj", "{AF350FCA-FC00-434B-94CB-A43D4A2E7AC8}"
EndProject
Global
	GlobalSection(SolutionConfigurationPlatforms) = preSolution
		Debug|Any CPU = Debug|Any CPU
		Release|Any CPU = Release|Any CPU
	EndGlobalSection
	GlobalSection(ProjectConfigurationPlatforms) = postSolution
		{AF350FCA-FC00-434B-94CB-A43D4A2E7AC8}.Debug|Any CPU.ActiveCfg = Debug|Any CPU
		{AF350FCA-FC00-434B-94CB-A43D4A2E7AC8}.Debug|Any CPU.Build.0 = Debug|Any CPU
		{AF350FCA-FC00-434B-94CB-A43D4A2E7AC8}.Release|Any CPU.ActiveCfg = Release|Any CPU
		{AF350FCA-FC00-434B-94CB-A43D4A2E7AC8}.Release|Any CPU.Build.0 = Release|Any CPU
	EndGlobalSection
	GlobalSection(SolutionProperties) = preSolution
		HideSolutionNode = FALSE
	EndGlobalSection
	GlobalSection(ExtensibilityGlobals) = postSolution
		SolutionGuid = {E423A966-4E33-4EA7-B14C-9B500D5F2296}
	EndGlobalSection
EndGlobal
