
Microsoft Visual Studio Solution File, Format Version 12.00
# Visual Studio 15
VisualStudioVersion = 15.0.28010.2050
MinimumVisualStudioVersion = 10.0.40219.1
Project("{FAE04EC0-301F-11D3-BF4B-00C04F79EFBC}") = "PropertyTest2", "PropertyTest2\PropertyTest2.csproj", "{3FD8515F-9935-434E-BCA8-FBD344060129}"
EndProject
Global
	GlobalSection(SolutionConfigurationPlatforms) = preSolution
		Debug|Any CPU = Debug|Any CPU
		Release|Any CPU = Release|Any CPU
	EndGlobalSection
	GlobalSection(ProjectConfigurationPlatforms) = postSolution
		{3FD8515F-9935-434E-BCA8-FBD344060129}.Debug|Any CPU.ActiveCfg = Debug|Any CPU
		{3FD8515F-9935-434E-BCA8-FBD344060129}.Debug|Any CPU.Build.0 = Debug|Any CPU
		{3FD8515F-9935-434E-BCA8-FBD344060129}.Release|Any CPU.ActiveCfg = Release|Any CPU
		{3FD8515F-9935-434E-BCA8-FBD344060129}.Release|Any CPU.Build.0 = Release|Any CPU
	EndGlobalSection
	GlobalSection(SolutionProperties) = preSolution
		HideSolutionNode = FALSE
	EndGlobalSection
	GlobalSection(ExtensibilityGlobals) = postSolution
		SolutionGuid = {69138AB6-6756-43B2-8B4F-38C47CFF290F}
	EndGlobalSection
EndGlobal
