
Microsoft Visual Studio Solution File, Format Version 12.00
# Visual Studio 15
VisualStudioVersion = 15.0.28010.2050
MinimumVisualStudioVersion = 10.0.40219.1
Project("{FAE04EC0-301F-11D3-BF4B-00C04F79EFBC}") = "ConsoleApp1", "ConsoleApp1\ConsoleApp1.csproj", "{9285AD47-0F43-4FD4-A7A8-4CDD516B75EB}"
EndProject
Global
	GlobalSection(SolutionConfigurationPlatforms) = preSolution
		Debug|Any CPU = Debug|Any CPU
		Release|Any CPU = Release|Any CPU
	EndGlobalSection
	GlobalSection(ProjectConfigurationPlatforms) = postSolution
		{9285AD47-0F43-4FD4-A7A8-4CDD516B75EB}.Debug|Any CPU.ActiveCfg = Debug|Any CPU
		{9285AD47-0F43-4FD4-A7A8-4CDD516B75EB}.Debug|Any CPU.Build.0 = Debug|Any CPU
		{9285AD47-0F43-4FD4-A7A8-4CDD516B75EB}.Release|Any CPU.ActiveCfg = Release|Any CPU
		{9285AD47-0F43-4FD4-A7A8-4CDD516B75EB}.Release|Any CPU.Build.0 = Release|Any CPU
	EndGlobalSection
	GlobalSection(SolutionProperties) = preSolution
		HideSolutionNode = FALSE
	EndGlobalSection
	GlobalSection(ExtensibilityGlobals) = postSolution
		SolutionGuid = {19CA9921-800D-4C95-8D55-DE192FC2C515}
	EndGlobalSection
EndGlobal
