
Microsoft Visual Studio Solution File, Format Version 12.00
# Visual Studio 15
VisualStudioVersion = 15.0.28010.2050
MinimumVisualStudioVersion = 10.0.40219.1
Project("{FAE04EC0-301F-11D3-BF4B-00C04F79EFBC}") = "CodeOptimizeAndMemberFieldInit", "CodeOptimizeAndMemberFieldInit\CodeOptimizeAndMemberFieldInit.csproj", "{F21BB83E-50FF-496E-A70F-C4ED4F45FB50}"
EndProject
Global
	GlobalSection(SolutionConfigurationPlatforms) = preSolution
		Debug|Any CPU = Debug|Any CPU
		Release|Any CPU = Release|Any CPU
	EndGlobalSection
	GlobalSection(ProjectConfigurationPlatforms) = postSolution
		{F21BB83E-50FF-496E-A70F-C4ED4F45FB50}.Debug|Any CPU.ActiveCfg = Debug|Any CPU
		{F21BB83E-50FF-496E-A70F-C4ED4F45FB50}.Debug|Any CPU.Build.0 = Debug|Any CPU
		{F21BB83E-50FF-496E-A70F-C4ED4F45FB50}.Release|Any CPU.ActiveCfg = Release|Any CPU
		{F21BB83E-50FF-496E-A70F-C4ED4F45FB50}.Release|Any CPU.Build.0 = Release|Any CPU
	EndGlobalSection
	GlobalSection(SolutionProperties) = preSolution
		HideSolutionNode = FALSE
	EndGlobalSection
	GlobalSection(ExtensibilityGlobals) = postSolution
		SolutionGuid = {E23BFBE8-8A4E-4F5A-B6A3-E9854D44E557}
	EndGlobalSection
EndGlobal
