
Microsoft Visual Studio Solution File, Format Version 12.00
# Visual Studio 15
VisualStudioVersion = 15.0.28010.2050
MinimumVisualStudioVersion = 10.0.40219.1
Project("{FAE04EC0-301F-11D3-BF4B-00C04F79EFBC}") = "CsharpSMTPTest", "CsharpSMTPTest\CsharpSMTPTest.csproj", "{7CA7E37A-DAF3-471C-9586-466FB28B265B}"
EndProject
Global
	GlobalSection(SolutionConfigurationPlatforms) = preSolution
		Debug|Any CPU = Debug|Any CPU
		Release|Any CPU = Release|Any CPU
	EndGlobalSection
	GlobalSection(ProjectConfigurationPlatforms) = postSolution
		{7CA7E37A-DAF3-471C-9586-466FB28B265B}.Debug|Any CPU.ActiveCfg = Debug|Any CPU
		{7CA7E37A-DAF3-471C-9586-466FB28B265B}.Debug|Any CPU.Build.0 = Debug|Any CPU
		{7CA7E37A-DAF3-471C-9586-466FB28B265B}.Release|Any CPU.ActiveCfg = Release|Any CPU
		{7CA7E37A-DAF3-471C-9586-466FB28B265B}.Release|Any CPU.Build.0 = Release|Any CPU
	EndGlobalSection
	GlobalSection(SolutionProperties) = preSolution
		HideSolutionNode = FALSE
	EndGlobalSection
	GlobalSection(ExtensibilityGlobals) = postSolution
		SolutionGuid = {8DEFFD85-1FF4-46D0-BE1D-59126E66E1D9}
	EndGlobalSection
EndGlobal
